{
  "name": "demo-jenkins",
  "version": "1.0.0",
  "lockfileVersion": 2,
  "requires": true,
  "packages": {
    "": {
      "name": "demo-jenkins",
      "version": "1.0.0",
      "license": "ISC",
      "dependencies": {
        "jquery": "2.2.4",
        "lodash": "4.17.17"
      }
    },
    "node_modules/jquery": {
      "version": "2.2.4",
      "resolved": "https://registry.npmjs.org/jquery/-/jquery-2.2.4.tgz",
      "integrity": "sha512-lBHj60ezci2u1v2FqnZIraShGgEXq35qCzMv4lITyHGppTnA13rwR0MgwyNJh9TnDs3aXUvd1xjAotfraMHX/Q=="
    },
    "node_modules/lodash": {
      "version": "4.17.17",
      "resolved": "https://registry.npmjs.org/lodash/-/lodash-4.17.17.tgz",
      "integrity": "sha512-/B2DjOphAoqi5BX4Gg2oh4UR0Gy/A7xYAMh3aSECEKzwS3eCDEpS0Cals1Ktvxwlal3bBJNc+5W9kNIcADdw5Q=="
    }
  },
  "dependencies": {
    "jquery": {
      "version": "2.2.4",
      "resolved": "https://registry.npmjs.org/jquery/-/jquery-2.2.4.tgz",
      "integrity": "sha512-lBHj60ezci2u1v2FqnZIraShGgEXq35qCzMv4lITyHGppTnA13rwR0MgwyNJh9TnDs3aXUvd1xjAotfraMHX/Q=="
    },
    "lodash": {
      "version": "4.17.17",
      "resolved": "https://registry.npmjs.org/lodash/-/lodash-4.17.17.tgz",
      "integrity": "sha512-/B2DjOphAoqi5BX4Gg2oh4UR0Gy/A7xYAMh3aSECEKzwS3eCDEpS0Cals1Ktvxwlal3bBJNc+5W9kNIcADdw5Q=="
    }
  }
}
